// !$*UTF8*$!
{
	archiveVersion = 1;
	classes = {
	};
	objectVersion = 46;
	objects = {

/* Begin PBXBuildFile section */
		83A2B0F81B6F96AC004605A8 /* main.m in Sources */ = {isa = PBXBuildFile; fileRef = 83A2B0F71B6F96AC004605A8 /* main.m */; };
		83A2B0FB1B6F96AC004605A8 /* AppDelegate.m in Sources */ = {isa = PBXBuildFile; fileRef = 83A2B0FA1B6F96AC004605A8 /* AppDelegate.m */; };
		83A2B0FE1B6F96AC004605A8 /* ViewController.m in Sources */ = {isa = PBXBuildFile; fileRef = 83A2B0FD1B6F96AC004605A8 /* ViewController.m */; };
		83A2B1011B6F96AC004605A8 /* Main.storyboard in Resources */ = {isa = PBXBuildFile; fileRef = 83A2B0FF1B6F96AC004605A8 /* Main.storyboard */; };
		83A2B1031B6F96AC004605A8 /* Images.xcassets in Resources */ = {isa = PBXBuildFile; fileRef = 83A2B1021B6F96AC004605A8 /* Images.xcassets */; };
		83A2B1061B6F96AC004605A8 /* LaunchScreen.xib in Resources */ = {isa = PBXBuildFile; fileRef = 83A2B1041B6F96AC004605A8 /* LaunchScreen.xib */; };
		83A2B1121B6F96AC004605A8 /* OLLO_AppTests.m in Sources */ = {isa = PBXBuildFile; fileRef = 83A2B1111B6F96AC004605A8 /* OLLO_AppTests.m */; };
		83A2B11C1B6F96E3004605A8 /* bg.png in Resources */ = {isa = PBXBuildFile; fileRef = 83A2B11B1B6F96E3004605A8 /* bg.png */; };
		83A2B11E1B6F971E004605A8 /* actionbar_logo.png in Resources */ = {isa = PBXBuildFile; fileRef = 83A2B11D1B6F971E004605A8 /* actionbar_logo.png */; };
		83A2B1211B6F978E004605A8 /* actionbar_logo_iP6.png in Resources */ = {isa = PBXBuildFile; fileRef = 83A2B11F1B6F978E004605A8 /* actionbar_logo_iP6.png */; };
		83A2B1221B6F978E004605A8 /* bg_iP6.png in Resources */ = {isa = PBXBuildFile; fileRef = 83A2B1201B6F978E004605A8 /* bg_iP6.png */; };
		83A2B1421B6FD997004605A8 /* Contents.json in Resources */ = {isa = PBXBuildFile; fileRef = 83A2B1251B6FD997004605A8 /* Contents.json */; };
		83A2B1431B6FD997004605A8 /* locations@1x.png in Resources */ = {isa = PBXBuildFile; fileRef = 83A2B1261B6FD997004605A8 /* locations@1x.png */; };
		83A2B1441B6FD997004605A8 /* locations@2x.png in Resources */ = {isa = PBXBuildFile; fileRef = 83A2B1271B6FD997004605A8 /* locations@2x.png */; };
		83A2B1451B6FD997004605A8 /* locations@3x.png in Resources */ = {isa = PBXBuildFile; fileRef = 83A2B1281B6FD997004605A8 /* locations@3x.png */; };
		83A2B1461B6FD997004605A8 /* Contents.json in Resources */ = {isa = PBXBuildFile; fileRef = 83A2B12A1B6FD997004605A8 /* Contents.json */; };
		83A2B1471B6FD997004605A8 /* promotions@1x.png in Resources */ = {isa = PBXBuildFile; fileRef = 83A2B12B1B6FD997004605A8 /* promotions@1x.png */; };
		83A2B1481B6FD997004605A8 /* promotions@2x.png in Resources */ = {isa = PBXBuildFile; fileRef = 83A2B12C1B6FD997004605A8 /* promotions@2x.png */; };
		83A2B1491B6FD997004605A8 /* promotions@3x.png in Resources */ = {isa = PBXBuildFile; fileRef = 83A2B12D1B6FD997004605A8 /* promotions@3x.png */; };
		83A2B14A1B6FD997004605A8 /* Contents.json in Resources */ = {isa = PBXBuildFile; fileRef = 83A2B12F1B6FD997004605A8 /* Contents.json */; };
		83A2B14B1B6FD997004605A8 /* signin@1x.png in Resources */ = {isa = PBXBuildFile; fileRef = 83A2B1301B6FD997004605A8 /* signin@1x.png */; };
		83A2B14C1B6FD997004605A8 /* signin@2x.png in Resources */ = {isa = PBXBuildFile; fileRef = 83A2B1311B6FD997004605A8 /* signin@2x.png */; };
		83A2B14D1B6FD997004605A8 /* signin@3x.png in Resources */ = {isa = PBXBuildFile; fileRef = 83A2B1321B6FD997004605A8 /* signin@3x.png */; };
		83A2B14E1B6FD997004605A8 /* Contents.json in Resources */ = {isa = PBXBuildFile; fileRef = 83A2B1341B6FD997004605A8 /* Contents.json */; };
		83A2B14F1B6FD997004605A8 /* support@1x.png in Resources */ = {isa = PBXBuildFile; fileRef = 83A2B1351B6FD997004605A8 /* support@1x.png */; };
		83A2B1501B6FD997004605A8 /* support@2x.png in Resources */ = {isa = PBXBuildFile; fileRef = 83A2B1361B6FD997004605A8 /* support@2x.png */; };
		83A2B1511B6FD997004605A8 /* support@3x.png in Resources */ = {isa = PBXBuildFile; fileRef = 83A2B1371B6FD997004605A8 /* support@3x.png */; };
		83A2B1521B6FD997004605A8 /* Contents.json in Resources */ = {isa = PBXBuildFile; fileRef = 83A2B1391B6FD997004605A8 /* Contents.json */; };
		83A2B1531B6FD997004605A8 /* topup@1x.png in Resources */ = {isa = PBXBuildFile; fileRef = 83A2B13A1B6FD997004605A8 /* topup@1x.png */; };
		83A2B1541B6FD997004605A8 /* topup@2x.png in Resources */ = {isa = PBXBuildFile; fileRef = 83A2B13B1B6FD997004605A8 /* topup@2x.png */; };
		83A2B1551B6FD997004605A8 /* topup@3x.png in Resources */ = {isa = PBXBuildFile; fileRef = 83A2B13C1B6FD997004605A8 /* topup@3x.png */; };
		83A2B1561B6FD997004605A8 /* Contents.json in Resources */ = {isa = PBXBuildFile; fileRef = 83A2B13E1B6FD997004605A8 /* Contents.json */; };
		83A2B1571B6FD997004605A8 /* website@1x.png in Resources */ = {isa = PBXBuildFile; fileRef = 83A2B13F1B6FD997004605A8 /* website@1x.png */; };
		83A2B1581B6FD997004605A8 /* website@2x.png in Resources */ = {isa = PBXBuildFile; fileRef = 83A2B1401B6FD997004605A8 /* website@2x.png */; };
		83A2B1591B6FD997004605A8 /* website@3x.png in Resources */ = {isa = PBXBuildFile; fileRef = 83A2B1411B6FD997004605A8 /* website@3x.png */; };
/* End PBXBuildFile section */

/* Begin PBXContainerItemProxy section */
		83A2B10C1B6F96AC004605A8 /* PBXContainerItemProxy */ = {
			isa = PBXContainerItemProxy;
			containerPortal = 83A2B0EA1B6F96AC004605A8 /* Project object */;
			proxyType = 1;
			remoteGlobalIDString = 83A2B0F11B6F96AC004605A8;
			remoteInfo = OLLO_App;
		};
/* End PBXContainerItemProxy section */

/* Begin PBXFileReference section */
		83A2B0F21B6F96AC004605A8 /* OLLO_App.app */ = {isa = PBXFileReference; explicitFileType = wrapper.application; includeInIndex = 0; path = OLLO_App.app; sourceTree = BUILT_PRODUCTS_DIR; };
		83A2B0F61B6F96AC004605A8 /* Info.plist */ = {isa = PBXFileReference; lastKnownFileType = text.plist.xml; path = Info.plist; sourceTree = "<group>"; };
		83A2B0F71B6F96AC004605A8 /* main.m */ = {isa = PBXFileReference; lastKnownFileType = sourcecode.c.objc; path = main.m; sourceTree = "<group>"; };
		83A2B0F91B6F96AC004605A8 /* AppDelegate.h */ = {isa = PBXFileReference; lastKnownFileType = sourcecode.c.h; path = AppDelegate.h; sourceTree = "<group>"; };
		83A2B0FA1B6F96AC004605A8 /* AppDelegate.m */ = {isa = PBXFileReference; lastKnownFileType = sourcecode.c.objc; path = AppDelegate.m; sourceTree = "<group>"; };
		83A2B0FC1B6F96AC004605A8 /* ViewController.h */ = {isa = PBXFileReference; lastKnownFileType = sourcecode.c.h; path = ViewController.h; sourceTree = "<group>"; };
		83A2B0FD1B6F96AC004605A8 /* ViewController.m */ = {isa = PBXFileReference; lastKnownFileType = sourcecode.c.objc; path = ViewController.m; sourceTree = "<group>"; };
		83A2B1001B6F96AC004605A8 /* Base */ = {isa = PBXFileReference; lastKnownFileType = file.storyboard; name = Base; path = Base.lproj/Main.storyboard; sourceTree = "<group>"; };
		83A2B1021B6F96AC004605A8 /* Images.xcassets */ = {isa = PBXFileReference; lastKnownFileType = folder.assetcatalog; path = Images.xcassets; sourceTree = "<group>"; };
		83A2B1051B6F96AC004605A8 /* Base */ = {isa = PBXFileReference; lastKnownFileType = file.xib; name = Base; path = Base.lproj/LaunchScreen.xib; sourceTree = "<group>"; };
		83A2B10B1B6F96AC004605A8 /* OLLO_AppTests.xctest */ = {isa = PBXFileReference; explicitFileType = wrapper.cfbundle; includeInIndex = 0; path = OLLO_AppTests.xctest; sourceTree = BUILT_PRODUCTS_DIR; };
		83A2B1101B6F96AC004605A8 /* Info.plist */ = {isa = PBXFileReference; lastKnownFileType = text.plist.xml; path = Info.plist; sourceTree = "<group>"; };
		83A2B1111B6F96AC004605A8 /* OLLO_AppTests.m */ = {isa = PBXFileReference; lastKnownFileType = sourcecode.c.objc; path = OLLO_AppTests.m; sourceTree = "<group>"; };
		83A2B11B1B6F96E3004605A8 /* bg.png */ = {isa = PBXFileReference; lastKnownFileType = image.png; path = bg.png; sourceTree = "<group>"; };
		83A2B11D1B6F971E004605A8 /* actionbar_logo.png */ = {isa = PBXFileReference; lastKnownFileType = image.png; path = actionbar_logo.png; sourceTree = "<group>"; };
		83A2B11F1B6F978E004605A8 /* actionbar_logo_iP6.png */ = {isa = PBXFileReference; lastKnownFileType = image.png; path = actionbar_logo_iP6.png; sourceTree = "<group>"; };
		83A2B1201B6F978E004605A8 /* bg_iP6.png */ = {isa = PBXFileReference; lastKnownFileType = image.png; path = bg_iP6.png; sourceTree = "<group>"; };
		83A2B1251B6FD997004605A8 /* Contents.json */ = {isa = PBXFileReference; fileEncoding = 4; lastKnownFileType = text.json; path = Contents.json; sourceTree = "<group>"; };
		83A2B1261B6FD997004605A8 /* locations@1x.png */ = {isa = PBXFileReference; lastKnownFileType = image.png; path = "locations@1x.png"; sourceTree = "<group>"; };
		83A2B1271B6FD997004605A8 /* locations@2x.png */ = {isa = PBXFileReference; lastKnownFileType = image.png; path = "locations@2x.png"; sourceTree = "<group>"; };
		83A2B1281B6FD997004605A8 /* locations@3x.png */ = {isa = PBXFileReference; lastKnownFileType = image.png; path = "locations@3x.png"; sourceTree = "<group>"; };
		83A2B12A1B6FD997004605A8 /* Contents.json */ = {isa = PBXFileReference; fileEncoding = 4; lastKnownFileType = text.json; path = Contents.json; sourceTree = "<group>"; };
		83A2B12B1B6FD997004605A8 /* promotions@1x.png */ = {isa = PBXFileReference; lastKnownFileType = image.png; path = "promotions@1x.png"; sourceTree = "<group>"; };
		83A2B12C1B6FD997004605A8 /* promotions@2x.png */ = {isa = PBXFileReference; lastKnownFileType = image.png; path = "promotions@2x.png"; sourceTree = "<group>"; };
		83A2B12D1B6FD997004605A8 /* promotions@3x.png */ = {isa = PBXFileReference; lastKnownFileType = image.png; path = "promotions@3x.png"; sourceTree = "<group>"; };
		83A2B12F1B6FD997004605A8 /* Contents.json */ = {isa = PBXFileReference; fileEncoding = 4; lastKnownFileType = text.json; path = Contents.json; sourceTree = "<group>"; };
		83A2B1301B6FD997004605A8 /* signin@1x.png */ = {isa = PBXFileReference; lastKnownFileType = image.png; path = "signin@1x.png"; sourceTree = "<group>"; };
		83A2B1311B6FD997004605A8 /* signin@2x.png */ = {isa = PBXFileReference; lastKnownFileType = image.png; path = "signin@2x.png"; sourceTree = "<group>"; };
		83A2B1321B6FD997004605A8 /* signin@3x.png */ = {isa = PBXFileReference; lastKnownFileType = image.png; path = "signin@3x.png"; sourceTree = "<group>"; };
		83A2B1341B6FD997004605A8 /* Contents.json */ = {isa = PBXFileReference; fileEncoding = 4; lastKnownFileType = text.json; path = Contents.json; sourceTree = "<group>"; };
		83A2B1351B6FD997004605A8 /* support@1x.png */ = {isa = PBXFileReference; lastKnownFileType = image.png; path = "support@1x.png"; sourceTree = "<group>"; };
		83A2B1361B6FD997004605A8 /* support@2x.png */ = {isa = PBXFileReference; lastKnownFileType = image.png; path = "support@2x.png"; sourceTree = "<group>"; };
		83A2B1371B6FD997004605A8 /* support@3x.png */ = {isa = PBXFileReference; lastKnownFileType = image.png; path = "support@3x.png"; sourceTree = "<group>"; };
		83A2B1391B6FD997004605A8 /* Contents.json */ = {isa = PBXFileReference; fileEncoding = 4; lastKnownFileType = text.json; path = Contents.json; sourceTree = "<group>"; };
		83A2B13A1B6FD997004605A8 /* topup@1x.png */ = {isa = PBXFileReference; lastKnownFileType = image.png; path = "topup@1x.png"; sourceTree = "<group>"; };
		83A2B13B1B6FD997004605A8 /* topup@2x.png */ = {isa = PBXFileReference; lastKnownFileType = image.png; path = "topup@2x.png"; sourceTree = "<group>"; };
		83A2B13C1B6FD997004605A8 /* topup@3x.png */ = {isa = PBXFileReference; lastKnownFileType = image.png; path = "topup@3x.png"; sourceTree = "<group>"; };
		83A2B13E1B6FD997004605A8 /* Contents.json */ = {isa = PBXFileReference; fileEncoding = 4; lastKnownFileType = text.json; path = Contents.json; sourceTree = "<group>"; };
		83A2B13F1B6FD997004605A8 /* website@1x.png */ = {isa = PBXFileReference; lastKnownFileType = image.png; path = "website@1x.png"; sourceTree = "<group>"; };
		83A2B1401B6FD997004605A8 /* website@2x.png */ = {isa = PBXFileReference; lastKnownFileType = image.png; path = "website@2x.png"; sourceTree = "<group>"; };
		83A2B1411B6FD997004605A8 /* website@3x.png */ = {isa = PBXFileReference; lastKnownFileType = image.png; path = "website@3x.png"; sourceTree = "<group>"; };
/* End PBXFileReference section */

/* Begin PBXFrameworksBuildPhase section */
		83A2B0EF1B6F96AC004605A8 /* Frameworks */ = {
			isa = PBXFrameworksBuildPhase;
			buildActionMask = 2147483647;
			files = (
			);
			runOnlyForDeploymentPostprocessing = 0;
		};
		83A2B1081B6F96AC004605A8 /* Frameworks */ = {
			isa = PBXFrameworksBuildPhase;
			buildActionMask = 2147483647;
			files = (
			);
			runOnlyForDeploymentPostprocessing = 0;
		};
/* End PBXFrameworksBuildPhase section */

/* Begin PBXGroup section */
		83A2B0E91B6F96AC004605A8 = {
			isa = PBXGroup;
			children = (
				83A2B0F41B6F96AC004605A8 /* OLLO_App */,
				83A2B10E1B6F96AC004605A8 /* OLLO_AppTests */,
				83A2B0F31B6F96AC004605A8 /* Products */,
			);
			sourceTree = "<group>";
		};
		83A2B0F31B6F96AC004605A8 /* Products */ = {
			isa = PBXGroup;
			children = (
				83A2B0F21B6F96AC004605A8 /* OLLO_App.app */,
				83A2B10B1B6F96AC004605A8 /* OLLO_AppTests.xctest */,
			);
			name = Products;
			sourceTree = "<group>";
		};
		83A2B0F41B6F96AC004605A8 /* OLLO_App */ = {
			isa = PBXGroup;
			children = (
				83A2B0F91B6F96AC004605A8 /* AppDelegate.h */,
				83A2B0FA1B6F96AC004605A8 /* AppDelegate.m */,
				83A2B0FC1B6F96AC004605A8 /* ViewController.h */,
				83A2B0FD1B6F96AC004605A8 /* ViewController.m */,
				83A2B0FF1B6F96AC004605A8 /* Main.storyboard */,
				83A2B1021B6F96AC004605A8 /* Images.xcassets */,
				83A2B11B1B6F96E3004605A8 /* bg.png */,
				83A2B1041B6F96AC004605A8 /* LaunchScreen.xib */,
				83A2B1231B6FD997004605A8 /* FirstScreen Button */,
				83A2B11D1B6F971E004605A8 /* actionbar_logo.png */,
				83A2B11F1B6F978E004605A8 /* actionbar_logo_iP6.png */,
				83A2B1201B6F978E004605A8 /* bg_iP6.png */,
				83A2B0F51B6F96AC004605A8 /* Supporting Files */,
			);
			path = OLLO_App;
			sourceTree = "<group>";
		};
		83A2B0F51B6F96AC004605A8 /* Supporting Files */ = {
			isa = PBXGroup;
			children = (
				83A2B0F61B6F96AC004605A8 /* Info.plist */,
				83A2B0F71B6F96AC004605A8 /* main.m */,
			);
			name = "Supporting Files";
			sourceTree = "<group>";
		};
		83A2B10E1B6F96AC004605A8 /* OLLO_AppTests */ = {
			isa = PBXGroup;
			children = (
				83A2B1111B6F96AC004605A8 /* OLLO_AppTests.m */,
				83A2B10F1B6F96AC004605A8 /* Supporting Files */,
			);
			path = OLLO_AppTests;
			sourceTree = "<group>";
		};
		83A2B10F1B6F96AC004605A8 /* Supporting Files */ = {
			isa = PBXGroup;
			children = (
				83A2B1101B6F96AC004605A8 /* Info.plist */,
			);
			name = "Supporting Files";
			sourceTree = "<group>";
		};
		83A2B1231B6FD997004605A8 /* FirstScreen Button */ = {
			isa = PBXGroup;
			children = (
				83A2B1241B6FD997004605A8 /* Location_Button.imageset */,
				83A2B1291B6FD997004605A8 /* Promotion_Button.imageset */,
				83A2B12E1B6FD997004605A8 /* Signin_Button.imageset */,
				83A2B1331B6FD997004605A8 /* Support_Button.imageset */,
				83A2B1381B6FD997004605A8 /* Topup_Button.imageset */,
				83A2B13D1B6FD997004605A8 /* Website_Button.imageset */,
			);
			path = "FirstScreen Button";
			sourceTree = "<group>";
		};
		83A2B1241B6FD997004605A8 /* Location_Button.imageset */ = {
			isa = PBXGroup;
			children = (
				83A2B1251B6FD997004605A8 /* Contents.json */,
				83A2B1261B6FD997004605A8 /* locations@1x.png */,
				83A2B1271B6FD997004605A8 /* locations@2x.png */,
				83A2B1281B6FD997004605A8 /* locations@3x.png */,
			);
			path = Location_Button.imageset;
			sourceTree = "<group>";
		};
		83A2B1291B6FD997004605A8 /* Promotion_Button.imageset */ = {
			isa = PBXGroup;
			children = (
				83A2B12A1B6FD997004605A8 /* Contents.json */,
				83A2B12B1B6FD997004605A8 /* promotions@1x.png */,
				83A2B12C1B6FD997004605A8 /* promotions@2x.png */,
				83A2B12D1B6FD997004605A8 /* promotions@3x.png */,
			);
			path = Promotion_Button.imageset;
			sourceTree = "<group>";
		};
		83A2B12E1B6FD997004605A8 /* Signin_Button.imageset */ = {
			isa = PBXGroup;
			children = (
				83A2B12F1B6FD997004605A8 /* Contents.json */,
				83A2B1301B6FD997004605A8 /* signin@1x.png */,
				83A2B1311B6FD997004605A8 /* signin@2x.png */,
				83A2B1321B6FD997004605A8 /* signin@3x.png */,
			);
			path = Signin_Button.imageset;
			sourceTree = "<group>";
		};
		83A2B1331B6FD997004605A8 /* Support_Button.imageset */ = {
			isa = PBXGroup;
			children = (
				83A2B1341B6FD997004605A8 /* Contents.json */,
				83A2B1351B6FD997004605A8 /* support@1x.png */,
				83A2B1361B6FD997004605A8 /* support@2x.png */,
				83A2B1371B6FD997004605A8 /* support@3x.png */,
			);
			path = Support_Button.imageset;
			sourceTree = "<group>";
		};
		83A2B1381B6FD997004605A8 /* Topup_Button.imageset */ = {
			isa = PBXGroup;
			children = (
				83A2B1391B6FD997004605A8 /* Contents.json */,
				83A2B13A1B6FD997004605A8 /* topup@1x.png */,
				83A2B13B1B6FD997004605A8 /* topup@2x.png */,
				83A2B13C1B6FD997004605A8 /* topup@3x.png */,
			);
			path = Topup_Button.imageset;
			sourceTree = "<group>";
		};
		83A2B13D1B6FD997004605A8 /* Website_Button.imageset */ = {
			isa = PBXGroup;
			children = (
				83A2B13E1B6FD997004605A8 /* Contents.json */,
				83A2B13F1B6FD997004605A8 /* website@1x.png */,
				83A2B1401B6FD997004605A8 /* website@2x.png */,
				83A2B1411B6FD997004605A8 /* website@3x.png */,
			);
			path = Website_Button.imageset;
			sourceTree = "<group>";
		};
/* End PBXGroup section */

/* Begin PBXNativeTarget section */
		83A2B0F11B6F96AC004605A8 /* OLLO_App */ = {
			isa = PBXNativeTarget;
			buildConfigurationList = 83A2B1151B6F96AC004605A8 /* Build configuration list for PBXNativeTarget "OLLO_App" */;
			buildPhases = (
				83A2B0EE1B6F96AC004605A8 /* Sources */,
				83A2B0EF1B6F96AC004605A8 /* Frameworks */,
				83A2B0F01B6F96AC004605A8 /* Resources */,
			);
			buildRules = (
			);
			dependencies = (
			);
			name = OLLO_App;
			productName = OLLO_App;
			productReference = 83A2B0F21B6F96AC004605A8 /* OLLO_App.app */;
			productType = "com.apple.product-type.application";
		};
		83A2B10A1B6F96AC004605A8 /* OLLO_AppTests */ = {
			isa = PBXNativeTarget;
			buildConfigurationList = 83A2B1181B6F96AC004605A8 /* Build configuration list for PBXNativeTarget "OLLO_AppTests" */;
			buildPhases = (
				83A2B1071B6F96AC004605A8 /* Sources */,
				83A2B1081B6F96AC004605A8 /* Frameworks */,
				83A2B1091B6F96AC004605A8 /* Resources */,
			);
			buildRules = (
			);
			dependencies = (
				83A2B10D1B6F96AC004605A8 /* PBXTargetDependency */,
			);
			name = OLLO_AppTests;
			productName = OLLO_AppTests;
			productReference = 83A2B10B1B6F96AC004605A8 /* OLLO_AppTests.xctest */;
			productType = "com.apple.product-type.bundle.unit-test";
		};
/* End PBXNativeTarget section */

/* Begin PBXProject section */
		83A2B0EA1B6F96AC004605A8 /* Project object */ = {
			isa = PBXProject;
			attributes = {
				LastUpgradeCheck = 0630;
				ORGANIZATIONNAME = "Bala Kumaran";
				TargetAttributes = {
					83A2B0F11B6F96AC004605A8 = {
						CreatedOnToolsVersion = 6.3.2;
					};
					83A2B10A1B6F96AC004605A8 = {
						CreatedOnToolsVersion = 6.3.2;
						TestTargetID = 83A2B0F11B6F96AC004605A8;
					};
				};
			};
			buildConfigurationList = 83A2B0ED1B6F96AC004605A8 /* Build configuration list for PBXProject "OLLO_App" */;
			compatibilityVersion = "Xcode 3.2";
			developmentRegion = English;
			hasScannedForEncodings = 0;
			knownRegions = (
				en,
				Base,
			);
			mainGroup = 83A2B0E91B6F96AC004605A8;
			productRefGroup = 83A2B0F31B6F96AC004605A8 /* Products */;
			projectDirPath = "";
			projectRoot = "";
			targets = (
				83A2B0F11B6F96AC004605A8 /* OLLO_App */,
				83A2B10A1B6F96AC004605A8 /* OLLO_AppTests */,
			);
		};
/* End PBXProject section */

/* Begin PBXResourcesBuildPhase section */
		83A2B0F01B6F96AC004605A8 /* Resources */ = {
			isa = PBXResourcesBuildPhase;
			buildActionMask = 2147483647;
			files = (
				83A2B1481B6FD997004605A8 /* promotions@2x.png in Resources */,
				83A2B1551B6FD997004605A8 /* topup@3x.png in Resources */,
				83A2B1011B6F96AC004605A8 /* Main.storyboard in Resources */,
				83A2B1431B6FD997004605A8 /* locations@1x.png in Resources */,
				83A2B14A1B6FD997004605A8 /* Contents.json in Resources */,
				83A2B1501B6FD997004605A8 /* support@2x.png in Resources */,
				83A2B1511B6FD997004605A8 /* support@3x.png in Resources */,
				83A2B14D1B6FD997004605A8 /* signin@3x.png in Resources */,
				83A2B1061B6F96AC004605A8 /* LaunchScreen.xib in Resources */,
				83A2B1211B6F978E004605A8 /* actionbar_logo_iP6.png in Resources */,
				83A2B14C1B6FD997004605A8 /* signin@2x.png in Resources */,
				83A2B1421B6FD997004605A8 /* Contents.json in Resources */,
				83A2B1581B6FD997004605A8 /* website@2x.png in Resources */,
				83A2B1531B6FD997004605A8 /* topup@1x.png in Resources */,
				83A2B1521B6FD997004605A8 /* Contents.json in Resources */,
				83A2B11E1B6F971E004605A8 /* actionbar_logo.png in Resources */,
				83A2B1451B6FD997004605A8 /* locations@3x.png in Resources */,
				83A2B11C1B6F96E3004605A8 /* bg.png in Resources */,
				83A2B1471B6FD997004605A8 /* promotions@1x.png in Resources */,
				83A2B1441B6FD997004605A8 /* locations@2x.png in Resources */,
				83A2B1031B6F96AC004605A8 /* Images.xcassets in Resources */,
				83A2B14F1B6FD997004605A8 /* support@1x.png in Resources */,
				83A2B14E1B6FD997004605A8 /* Contents.json in Resources */,
				83A2B14B1B6FD997004605A8 /* signin@1x.png in Resources */,
				83A2B1221B6F978E004605A8 /* bg_iP6.png in Resources */,
				83A2B1541B6FD997004605A8 /* topup@2x.png in Resources */,
				83A2B1461B6FD997004605A8 /* Contents.json in Resources */,
				83A2B1491B6FD997004605A8 /* promotions@3x.png in Resources */,
				83A2B1561B6FD997004605A8 /* Contents.json in Resources */,
				83A2B1591B6FD997004605A8 /* website@3x.png in Resources */,
				83A2B1571B6FD997004605A8 /* website@1x.png in Resources */,
			);
			runOnlyForDeploymentPostprocessing = 0;
		};
		83A2B1091B6F96AC004605A8 /* Resources */ = {
			isa = PBXResourcesBuildPhase;
			buildActionMask = 2147483647;
			files = (
			);
			runOnlyForDeploymentPostprocessing = 0;
		};
/* End PBXResourcesBuildPhase section */

/* Begin PBXSourcesBuildPhase section */
		83A2B0EE1B6F96AC004605A8 /* Sources */ = {
			isa = PBXSourcesBuildPhase;
			buildActionMask = 2147483647;
			files = (
				83A2B0FE1B6F96AC004605A8 /* ViewController.m in Sources */,
				83A2B0FB1B6F96AC004605A8 /* AppDelegate.m in Sources */,
				83A2B0F81B6F96AC004605A8 /* main.m in Sources */,
			);
			runOnlyForDeploymentPostprocessing = 0;
		};
		83A2B1071B6F96AC004605A8 /* Sources */ = {
			isa = PBXSourcesBuildPhase;
			buildActionMask = 2147483647;
			files = (
				83A2B1121B6F96AC004605A8 /* OLLO_AppTests.m in Sources */,
			);
			runOnlyForDeploymentPostprocessing = 0;
		};
/* End PBXSourcesBuildPhase section */

/* Begin PBXTargetDependency section */
		83A2B10D1B6F96AC004605A8 /* PBXTargetDependency */ = {
			isa = PBXTargetDependency;
			target = 83A2B0F11B6F96AC004605A8 /* OLLO_App */;
			targetProxy = 83A2B10C1B6F96AC004605A8 /* PBXContainerItemProxy */;
		};
/* End PBXTargetDependency section */

/* Begin PBXVariantGroup section */
		83A2B0FF1B6F96AC004605A8 /* Main.storyboard */ = {
			isa = PBXVariantGroup;
			children = (
				83A2B1001B6F96AC004605A8 /* Base */,
			);
			name = Main.storyboard;
			sourceTree = "<group>";
		};
		83A2B1041B6F96AC004605A8 /* LaunchScreen.xib */ = {
			isa = PBXVariantGroup;
			children = (
				83A2B1051B6F96AC004605A8 /* Base */,
			);
			name = LaunchScreen.xib;
			sourceTree = "<group>";
		};
/* End PBXVariantGroup section */

/* Begin XCBuildConfiguration section */
		83A2B1131B6F96AC004605A8 /* Debug */ = {
			isa = XCBuildConfiguration;
			buildSettings = {
				ALWAYS_SEARCH_USER_PATHS = NO;
				CLANG_CXX_LANGUAGE_STANDARD = "gnu++0x";
				CLANG_CXX_LIBRARY = "libc++";
				CLANG_ENABLE_MODULES = YES;
				CLANG_ENABLE_OBJC_ARC = YES;
				CLANG_WARN_BOOL_CONVERSION = YES;
				CLANG_WARN_CONSTANT_CONVERSION = YES;
				CLANG_WARN_DIRECT_OBJC_ISA_USAGE = YES_ERROR;
				CLANG_WARN_EMPTY_BODY = YES;
				CLANG_WARN_ENUM_CONVERSION = YES;
				CLANG_WARN_INT_CONVERSION = YES;
				CLANG_WARN_OBJC_ROOT_CLASS = YES_ERROR;
				CLANG_WARN_UNREACHABLE_CODE = YES;
				CLANG_WARN__DUPLICATE_METHOD_MATCH = YES;
				"CODE_SIGN_IDENTITY[sdk=iphoneos*]" = "iPhone Developer";
				COPY_PHASE_STRIP = NO;
				DEBUG_INFORMATION_FORMAT = "dwarf-with-dsym";
				ENABLE_STRICT_OBJC_MSGSEND = YES;
				GCC_C_LANGUAGE_STANDARD = gnu99;
				GCC_DYNAMIC_NO_PIC = NO;
				GCC_NO_COMMON_BLOCKS = YES;
				GCC_OPTIMIZATION_LEVEL = 0;
				GCC_PREPROCESSOR_DEFINITIONS = (
					"DEBUG=1",
					"$(inherited)",
				);
				GCC_SYMBOLS_PRIVATE_EXTERN = NO;
				GCC_WARN_64_TO_32_BIT_CONVERSION = YES;
				GCC_WARN_ABOUT_RETURN_TYPE = YES_ERROR;
				GCC_WARN_UNDECLARED_SELECTOR = YES;
				GCC_WARN_UNINITIALIZED_AUTOS = YES_AGGRESSIVE;
				GCC_WARN_UNUSED_FUNCTION = YES;
				GCC_WARN_UNUSED_VARIABLE = YES;
				IPHONEOS_DEPLOYMENT_TARGET = 8.3;
				MTL_ENABLE_DEBUG_INFO = YES;
				ONLY_ACTIVE_ARCH = YES;
				SDKROOT = iphoneos;
				TARGETED_DEVICE_FAMILY = "1,2";
			};
			name = Debug;
		};
		83A2B1141B6F96AC004605A8 /* Release */ = {
			isa = XCBuildConfiguration;
			buildSettings = {
				ALWAYS_SEARCH_USER_PATHS = NO;
				CLANG_CXX_LANGUAGE_STANDARD = "gnu++0x";
				CLANG_CXX_LIBRARY = "libc++";
				CLANG_ENABLE_MODULES = YES;
				CLANG_ENABLE_OBJC_ARC = YES;
				CLANG_WARN_BOOL_CONVERSION = YES;
				CLANG_WARN_CONSTANT_CONVERSION = YES;
				CLANG_WARN_DIRECT_OBJC_ISA_USAGE = YES_ERROR;
				CLANG_WARN_EMPTY_BODY = YES;
				CLANG_WARN_ENUM_CONVERSION = YES;
				CLANG_WARN_INT_CONVERSION = YES;
				CLANG_WARN_OBJC_ROOT_CLASS = YES_ERROR;
				CLANG_WARN_UNREACHABLE_CODE = YES;
				CLANG_WARN__DUPLICATE_METHOD_MATCH = YES;
				"CODE_SIGN_IDENTITY[sdk=iphoneos*]" = "iPhone Developer";
				COPY_PHASE_STRIP = NO;
				DEBUG_INFORMATION_FORMAT = "dwarf-with-dsym";
				ENABLE_NS_ASSERTIONS = NO;
				ENABLE_STRICT_OBJC_MSGSEND = YES;
				GCC_C_LANGUAGE_STANDARD = gnu99;
				GCC_NO_COMMON_BLOCKS = YES;
				GCC_WARN_64_TO_32_BIT_CONVERSION = YES;
				GCC_WARN_ABOUT_RETURN_TYPE = YES_ERROR;
				GCC_WARN_UNDECLARED_SELECTOR = YES;
				GCC_WARN_UNINITIALIZED_AUTOS = YES_AGGRESSIVE;
				GCC_WARN_UNUSED_FUNCTION = YES;
				GCC_WARN_UNUSED_VARIABLE = YES;
				IPHONEOS_DEPLOYMENT_TARGET = 8.3;
				MTL_ENABLE_DEBUG_INFO = NO;
				SDKROOT = iphoneos;
				TARGETED_DEVICE_FAMILY = "1,2";
				VALIDATE_PRODUCT = YES;
			};
			name = Release;
		};
		83A2B1161B6F96AC004605A8 /* Debug */ = {
			isa = XCBuildConfiguration;
			buildSettings = {
				ASSETCATALOG_COMPILER_APPICON_NAME = AppIcon;
				INFOPLIST_FILE = OLLO_App/Info.plist;
				LD_RUNPATH_SEARCH_PATHS = "$(inherited) @executable_path/Frameworks";
				PRODUCT_NAME = "$(TARGET_NAME)";
			};
			name = Debug;
		};
		83A2B1171B6F96AC004605A8 /* Release */ = {
			isa = XCBuildConfiguration;
			buildSettings = {
				ASSETCATALOG_COMPILER_APPICON_NAME = AppIcon;
				INFOPLIST_FILE = OLLO_App/Info.plist;
				LD_RUNPATH_SEARCH_PATHS = "$(inherited) @executable_path/Frameworks";
				PRODUCT_NAME = "$(TARGET_NAME)";
			};
			name = Release;
		};
		83A2B1191B6F96AC004605A8 /* Debug */ = {
			isa = XCBuildConfiguration;
			buildSettings = {
				BUNDLE_LOADER = "$(TEST_HOST)";
				FRAMEWORK_SEARCH_PATHS = (
					"$(SDKROOT)/Developer/Library/Frameworks",
					"$(inherited)",
				);
				GCC_PREPROCESSOR_DEFINITIONS = (
					"DEBUG=1",
					"$(inherited)",
				);
				INFOPLIST_FILE = OLLO_AppTests/Info.plist;
				LD_RUNPATH_SEARCH_PATHS = "$(inherited) @executable_path/Frameworks @loader_path/Frameworks";
				PRODUCT_NAME = "$(TARGET_NAME)";
				TEST_HOST = "$(BUILT_PRODUCTS_DIR)/OLLO_App.app/OLLO_App";
			};
			name = Debug;
		};
		83A2B11A1B6F96AC004605A8 /* Release */ = {
			isa = XCBuildConfiguration;
			buildSettings = {
				BUNDLE_LOADER = "$(TEST_HOST)";
				FRAMEWORK_SEARCH_PATHS = (
					"$(SDKROOT)/Developer/Library/Frameworks",
					"$(inherited)",
				);
				INFOPLIST_FILE = OLLO_AppTests/Info.plist;
				LD_RUNPATH_SEARCH_PATHS = "$(inherited) @executable_path/Frameworks @loader_path/Frameworks";
				PRODUCT_NAME = "$(TARGET_NAME)";
				TEST_HOST = "$(BUILT_PRODUCTS_DIR)/OLLO_App.app/OLLO_App";
			};
			name = Release;
		};
/* End XCBuildConfiguration section */

/* Begin XCConfigurationList section */
		83A2B0ED1B6F96AC004605A8 /* Build configuration list for PBXProject "OLLO_App" */ = {
			isa = XCConfigurationList;
			buildConfigurations = (
				83A2B1131B6F96AC004605A8 /* Debug */,
				83A2B1141B6F96AC004605A8 /* Release */,
			);
			defaultConfigurationIsVisible = 0;
			defaultConfigurationName = Release;
		};
		83A2B1151B6F96AC004605A8 /* Build configuration list for PBXNativeTarget "OLLO_App" */ = {
			isa = XCConfigurationList;
			buildConfigurations = (
				83A2B1161B6F96AC004605A8 /* Debug */,
				83A2B1171B6F96AC004605A8 /* Release */,
			);
			defaultConfigurationIsVisible = 0;
		};
		83A2B1181B6F96AC004605A8 /* Build configuration list for PBXNativeTarget "OLLO_AppTests" */ = {
			isa = XCConfigurationList;
			buildConfigurations = (
				83A2B1191B6F96AC004605A8 /* Debug */,
				83A2B11A1B6F96AC004605A8 /* Release */,
			);
			defaultConfigurationIsVisible = 0;
		};
/* End XCConfigurationList section */
	};
	rootObject = 83A2B0EA1B6F96AC004605A8 /* Project object */;
}
